
Microsoft Visual Studio Solution File, Format Version 12.00
# Visual Studio Version 17
VisualStudioVersion = 17.2.32630.192
MinimumVisualStudioVersion = 10.0.40219.1
Project("{FAE04EC0-301F-11D3-BF4B-00C04F79EFBC}") = "Task A", "Task A\Task A.csproj", "{C03CFCD0-648A-488E-B883-AFB83E7A7178}"
EndProject
Global
	GlobalSection(SolutionConfigurationPlatforms) = preSolution
		Debug|Any CPU = Debug|Any CPU
		Release|Any CPU = Release|Any CPU
	EndGlobalSection
	GlobalSection(ProjectConfigurationPlatforms) = postSolution
		{C03CFCD0-648A-488E-B883-AFB83E7A7178}.Debug|Any CPU.ActiveCfg = Debug|Any CPU
		{C03CFCD0-648A-488E-B883-AFB83E7A7178}.Debug|Any CPU.Build.0 = Debug|Any CPU
		{C03CFCD0-648A-488E-B883-AFB83E7A7178}.Release|Any CPU.ActiveCfg = Release|Any CPU
		{C03CFCD0-648A-488E-B883-AFB83E7A7178}.Release|Any CPU.Build.0 = Release|Any CPU
	EndGlobalSection
	GlobalSection(SolutionProperties) = preSolution
		HideSolutionNode = FALSE
	EndGlobalSection
	GlobalSection(ExtensibilityGlobals) = postSolution
		SolutionGuid = {F310FBAE-7D25-45FE-9E2B-6AD76EE43D84}
	EndGlobalSection
EndGlobal
