
Microsoft Visual Studio Solution File, Format Version 12.00
# Visual Studio Version 17
VisualStudioVersion = 17.2.32630.192
MinimumVisualStudioVersion = 10.0.40219.1
Project("{FAE04EC0-301F-11D3-BF4B-00C04F79EFBC}") = "Task B", "Task B\Task B.csproj", "{AC813568-BD69-438F-99F6-7294394313FA}"
EndProject
Global
	GlobalSection(SolutionConfigurationPlatforms) = preSolution
		Debug|Any CPU = Debug|Any CPU
		Release|Any CPU = Release|Any CPU
	EndGlobalSection
	GlobalSection(ProjectConfigurationPlatforms) = postSolution
		{AC813568-BD69-438F-99F6-7294394313FA}.Debug|Any CPU.ActiveCfg = Debug|Any CPU
		{AC813568-BD69-438F-99F6-7294394313FA}.Debug|Any CPU.Build.0 = Debug|Any CPU
		{AC813568-BD69-438F-99F6-7294394313FA}.Release|Any CPU.ActiveCfg = Release|Any CPU
		{AC813568-BD69-438F-99F6-7294394313FA}.Release|Any CPU.Build.0 = Release|Any CPU
	EndGlobalSection
	GlobalSection(SolutionProperties) = preSolution
		HideSolutionNode = FALSE
	EndGlobalSection
	GlobalSection(ExtensibilityGlobals) = postSolution
		SolutionGuid = {CAD376B3-4AAB-4466-8CA4-D4BB0DE7509A}
	EndGlobalSection
EndGlobal
