
Microsoft Visual Studio Solution File, Format Version 12.00
# Visual Studio Version 17
VisualStudioVersion = 17.2.32630.192
MinimumVisualStudioVersion = 10.0.40219.1
Project("{FAE04EC0-301F-11D3-BF4B-00C04F79EFBC}") = "Task B", "Task B\Task B.csproj", "{387325DE-D7BF-4209-9694-B892526A57E0}"
EndProject
Global
	GlobalSection(SolutionConfigurationPlatforms) = preSolution
		Debug|Any CPU = Debug|Any CPU
		Release|Any CPU = Release|Any CPU
	EndGlobalSection
	GlobalSection(ProjectConfigurationPlatforms) = postSolution
		{387325DE-D7BF-4209-9694-B892526A57E0}.Debug|Any CPU.ActiveCfg = Debug|Any CPU
		{387325DE-D7BF-4209-9694-B892526A57E0}.Debug|Any CPU.Build.0 = Debug|Any CPU
		{387325DE-D7BF-4209-9694-B892526A57E0}.Release|Any CPU.ActiveCfg = Release|Any CPU
		{387325DE-D7BF-4209-9694-B892526A57E0}.Release|Any CPU.Build.0 = Release|Any CPU
	EndGlobalSection
	GlobalSection(SolutionProperties) = preSolution
		HideSolutionNode = FALSE
	EndGlobalSection
	GlobalSection(ExtensibilityGlobals) = postSolution
		SolutionGuid = {37898EE9-8349-4CD9-9D6D-AE33F1E07F13}
	EndGlobalSection
EndGlobal
