
Microsoft Visual Studio Solution File, Format Version 12.00
# Visual Studio Version 17
VisualStudioVersion = 17.2.32630.192
MinimumVisualStudioVersion = 10.0.40219.1
Project("{FAE04EC0-301F-11D3-BF4B-00C04F79EFBC}") = "TaskA", "TaskA\TaskA.csproj", "{BE16F2EF-1E39-4713-9F28-6A2500EF1698}"
EndProject
Global
	GlobalSection(SolutionConfigurationPlatforms) = preSolution
		Debug|Any CPU = Debug|Any CPU
		Release|Any CPU = Release|Any CPU
	EndGlobalSection
	GlobalSection(ProjectConfigurationPlatforms) = postSolution
		{BE16F2EF-1E39-4713-9F28-6A2500EF1698}.Debug|Any CPU.ActiveCfg = Debug|Any CPU
		{BE16F2EF-1E39-4713-9F28-6A2500EF1698}.Debug|Any CPU.Build.0 = Debug|Any CPU
		{BE16F2EF-1E39-4713-9F28-6A2500EF1698}.Release|Any CPU.ActiveCfg = Release|Any CPU
		{BE16F2EF-1E39-4713-9F28-6A2500EF1698}.Release|Any CPU.Build.0 = Release|Any CPU
	EndGlobalSection
	GlobalSection(SolutionProperties) = preSolution
		HideSolutionNode = FALSE
	EndGlobalSection
	GlobalSection(ExtensibilityGlobals) = postSolution
		SolutionGuid = {E7C41A88-FE55-47CE-9A85-F0337FB0F704}
	EndGlobalSection
EndGlobal
